
Microsoft Visual Studio Solution File, Format Version 12.00
# Visual Studio 15
VisualStudioVersion = 15.0.27130.2026
MinimumVisualStudioVersion = 10.0.40219.1
Project("{FAE04EC0-301F-11D3-BF4B-00C04F79EFBC}") = "Prueba", "Prueba\Prueba.csproj", "{C7ED3852-E969-482D-8072-F8AC090695A2}"
EndProject
Project("{FAE04EC0-301F-11D3-BF4B-00C04F79EFBC}") = "Calculadora", "Calculadora\Calculadora.csproj", "{D47D89E3-D778-4BCA-BB7E-93D663EF9140}"
EndProject
Project("{FAE04EC0-301F-11D3-BF4B-00C04F79EFBC}") = "Metodos", "Metodos\Metodos.csproj", "{C9A9F0EE-E9AA-4BBB-94E1-36788220116C}"
EndProject
Global
	GlobalSection(SolutionConfigurationPlatforms) = preSolution
		Debug|Any CPU = Debug|Any CPU
		Release|Any CPU = Release|Any CPU
	EndGlobalSection
	GlobalSection(ProjectConfigurationPlatforms) = postSolution
		{C7ED3852-E969-482D-8072-F8AC090695A2}.Debug|Any CPU.ActiveCfg = Debug|Any CPU
		{C7ED3852-E969-482D-8072-F8AC090695A2}.Debug|Any CPU.Build.0 = Debug|Any CPU
		{C7ED3852-E969-482D-8072-F8AC090695A2}.Release|Any CPU.ActiveCfg = Release|Any CPU
		{C7ED3852-E969-482D-8072-F8AC090695A2}.Release|Any CPU.Build.0 = Release|Any CPU
		{D47D89E3-D778-4BCA-BB7E-93D663EF9140}.Debug|Any CPU.ActiveCfg = Debug|Any CPU
		{D47D89E3-D778-4BCA-BB7E-93D663EF9140}.Debug|Any CPU.Build.0 = Debug|Any CPU
		{D47D89E3-D778-4BCA-BB7E-93D663EF9140}.Release|Any CPU.ActiveCfg = Release|Any CPU
		{D47D89E3-D778-4BCA-BB7E-93D663EF9140}.Release|Any CPU.Build.0 = Release|Any CPU
		{C9A9F0EE-E9AA-4BBB-94E1-36788220116C}.Debug|Any CPU.ActiveCfg = Debug|Any CPU
		{C9A9F0EE-E9AA-4BBB-94E1-36788220116C}.Debug|Any CPU.Build.0 = Debug|Any CPU
		{C9A9F0EE-E9AA-4BBB-94E1-36788220116C}.Release|Any CPU.ActiveCfg = Release|Any CPU
		{C9A9F0EE-E9AA-4BBB-94E1-36788220116C}.Release|Any CPU.Build.0 = Release|Any CPU
	EndGlobalSection
	GlobalSection(SolutionProperties) = preSolution
		HideSolutionNode = FALSE
	EndGlobalSection
	GlobalSection(ExtensibilityGlobals) = postSolution
		SolutionGuid = {E57888D6-529D-4441-8857-B223D243CF9A}
	EndGlobalSection
EndGlobal
